
Microsoft Visual Studio Solution File, Format Version 12.00
# Visual Studio Version 17
VisualStudioVersion = 17.8.34322.80
MinimumVisualStudioVersion = 10.0.40219.1
Project("{FAE04EC0-301F-11D3-BF4B-00C04F79EFBC}") = "yazlab3", "yazlab3\yazlab3.csproj", "{AC9A0CDA-CEEB-44C2-AB36-2ED09E70CEF5}"
EndProject
Global
	GlobalSection(SolutionConfigurationPlatforms) = preSolution
		Debug|Any CPU = Debug|Any CPU
		Release|Any CPU = Release|Any CPU
	EndGlobalSection
	GlobalSection(ProjectConfigurationPlatforms) = postSolution
		{AC9A0CDA-CEEB-44C2-AB36-2ED09E70CEF5}.Debug|Any CPU.ActiveCfg = Debug|Any CPU
		{AC9A0CDA-CEEB-44C2-AB36-2ED09E70CEF5}.Debug|Any CPU.Build.0 = Debug|Any CPU
		{AC9A0CDA-CEEB-44C2-AB36-2ED09E70CEF5}.Release|Any CPU.ActiveCfg = Release|Any CPU
		{AC9A0CDA-CEEB-44C2-AB36-2ED09E70CEF5}.Release|Any CPU.Build.0 = Release|Any CPU
	EndGlobalSection
	GlobalSection(SolutionProperties) = preSolution
		HideSolutionNode = FALSE
	EndGlobalSection
	GlobalSection(ExtensibilityGlobals) = postSolution
		SolutionGuid = {81B94DB7-0F4C-414A-94B0-17899BD9B021}
	EndGlobalSection
EndGlobal
